
Microsoft Visual Studio Solution File, Format Version 12.00
# Visual Studio Express 2012 for Windows Desktop
Project("{8BC9CEB8-8B4A-11D0-8D11-00A0C91BC942}") = "autocorrectLib", "autocorrectLib\autocorrectLib.vcxproj", "{DF32AD85-C60B-46E8-8B25-2BFA2A202CB2}"
	ProjectSection(ProjectDependencies) = postProject
		{CC4389BD-A2AF-4B99-A5EA-9E1D82B414DD} = {CC4389BD-A2AF-4B99-A5EA-9E1D82B414DD}
		{92A7B1DC-4991-4BE9-9652-F39DBBE0A818} = {92A7B1DC-4991-4BE9-9652-F39DBBE0A818}
	EndProjectSection
EndProject
Project("{8BC9CEB8-8B4A-11D0-8D11-00A0C91BC942}") = "jni_lib", "jni_lib\jni_lib.vcxproj", "{92A7B1DC-4991-4BE9-9652-F39DBBE0A818}"
EndProject
Project("{8BC9CEB8-8B4A-11D0-8D11-00A0C91BC942}") = "WLSDKLib", "WLSDKLib\WLSDKLib.vcxproj", "{CC4389BD-A2AF-4B99-A5EA-9E1D82B414DD}"
	ProjectSection(ProjectDependencies) = postProject
		{92A7B1DC-4991-4BE9-9652-F39DBBE0A818} = {92A7B1DC-4991-4BE9-9652-F39DBBE0A818}
	EndProjectSection
EndProject
Project("{8BC9CEB8-8B4A-11D0-8D11-00A0C91BC942}") = "wordtest", "wordtest\wordtest.vcxproj", "{1F406B11-5E41-4EEC-A1C0-A6D81E178A20}"
	ProjectSection(ProjectDependencies) = postProject
		{DF32AD85-C60B-46E8-8B25-2BFA2A202CB2} = {DF32AD85-C60B-46E8-8B25-2BFA2A202CB2}
		{CC4389BD-A2AF-4B99-A5EA-9E1D82B414DD} = {CC4389BD-A2AF-4B99-A5EA-9E1D82B414DD}
		{92A7B1DC-4991-4BE9-9652-F39DBBE0A818} = {92A7B1DC-4991-4BE9-9652-F39DBBE0A818}
	EndProjectSection
EndProject
Project("{8BC9CEB8-8B4A-11D0-8D11-00A0C91BC942}") = "CookedToEnglish", "CookedToDictConverter\CookedToEnglish\CookedToEnglish.vcxproj", "{3289EEAE-2010-4B4D-BA6A-C733D795084D}"
	ProjectSection(ProjectDependencies) = postProject
		{DF32AD85-C60B-46E8-8B25-2BFA2A202CB2} = {DF32AD85-C60B-46E8-8B25-2BFA2A202CB2}
		{CC4389BD-A2AF-4B99-A5EA-9E1D82B414DD} = {CC4389BD-A2AF-4B99-A5EA-9E1D82B414DD}
		{92A7B1DC-4991-4BE9-9652-F39DBBE0A818} = {92A7B1DC-4991-4BE9-9652-F39DBBE0A818}
	EndProjectSection
EndProject
Project("{8BC9CEB8-8B4A-11D0-8D11-00A0C91BC942}") = "autocorrectCommand", "AutoCorrectCommand\autocorrectCommand.vcxproj", "{B4E0AAAB-E7BC-4738-9393-93A126CE549D}"
	ProjectSection(ProjectDependencies) = postProject
		{DF32AD85-C60B-46E8-8B25-2BFA2A202CB2} = {DF32AD85-C60B-46E8-8B25-2BFA2A202CB2}
		{CC4389BD-A2AF-4B99-A5EA-9E1D82B414DD} = {CC4389BD-A2AF-4B99-A5EA-9E1D82B414DD}
		{92A7B1DC-4991-4BE9-9652-F39DBBE0A818} = {92A7B1DC-4991-4BE9-9652-F39DBBE0A818}
	EndProjectSection
EndProject
Global
	GlobalSection(SolutionConfigurationPlatforms) = preSolution
		Debug|Win32 = Debug|Win32
		Debug|x64 = Debug|x64
		Release|Win32 = Release|Win32
		Release|x64 = Release|x64
	EndGlobalSection
	GlobalSection(ProjectConfigurationPlatforms) = postSolution
		{DF32AD85-C60B-46E8-8B25-2BFA2A202CB2}.Debug|Win32.ActiveCfg = Debug|Win32
		{DF32AD85-C60B-46E8-8B25-2BFA2A202CB2}.Debug|Win32.Build.0 = Debug|Win32
		{DF32AD85-C60B-46E8-8B25-2BFA2A202CB2}.Debug|x64.ActiveCfg = Debug|x64
		{DF32AD85-C60B-46E8-8B25-2BFA2A202CB2}.Debug|x64.Build.0 = Debug|x64
		{DF32AD85-C60B-46E8-8B25-2BFA2A202CB2}.Release|Win32.ActiveCfg = Release|Win32
		{DF32AD85-C60B-46E8-8B25-2BFA2A202CB2}.Release|Win32.Build.0 = Release|Win32
		{DF32AD85-C60B-46E8-8B25-2BFA2A202CB2}.Release|x64.ActiveCfg = Release|x64
		{92A7B1DC-4991-4BE9-9652-F39DBBE0A818}.Debug|Win32.ActiveCfg = Debug|Win32
		{92A7B1DC-4991-4BE9-9652-F39DBBE0A818}.Debug|Win32.Build.0 = Debug|Win32
		{92A7B1DC-4991-4BE9-9652-F39DBBE0A818}.Debug|x64.ActiveCfg = Debug|x64
		{92A7B1DC-4991-4BE9-9652-F39DBBE0A818}.Debug|x64.Build.0 = Debug|x64
		{92A7B1DC-4991-4BE9-9652-F39DBBE0A818}.Release|Win32.ActiveCfg = Release|Win32
		{92A7B1DC-4991-4BE9-9652-F39DBBE0A818}.Release|Win32.Build.0 = Release|Win32
		{92A7B1DC-4991-4BE9-9652-F39DBBE0A818}.Release|x64.ActiveCfg = Release|x64
		{92A7B1DC-4991-4BE9-9652-F39DBBE0A818}.Release|x64.Build.0 = Release|x64
		{CC4389BD-A2AF-4B99-A5EA-9E1D82B414DD}.Debug|Win32.ActiveCfg = Debug|Win32
		{CC4389BD-A2AF-4B99-A5EA-9E1D82B414DD}.Debug|Win32.Build.0 = Debug|Win32
		{CC4389BD-A2AF-4B99-A5EA-9E1D82B414DD}.Debug|x64.ActiveCfg = Debug|x64
		{CC4389BD-A2AF-4B99-A5EA-9E1D82B414DD}.Debug|x64.Build.0 = Debug|x64
		{CC4389BD-A2AF-4B99-A5EA-9E1D82B414DD}.Release|Win32.ActiveCfg = Release|Win32
		{CC4389BD-A2AF-4B99-A5EA-9E1D82B414DD}.Release|Win32.Build.0 = Release|Win32
		{CC4389BD-A2AF-4B99-A5EA-9E1D82B414DD}.Release|x64.ActiveCfg = Release|x64
		{CC4389BD-A2AF-4B99-A5EA-9E1D82B414DD}.Release|x64.Build.0 = Release|x64
		{1F406B11-5E41-4EEC-A1C0-A6D81E178A20}.Debug|Win32.ActiveCfg = Debug|Win32
		{1F406B11-5E41-4EEC-A1C0-A6D81E178A20}.Debug|Win32.Build.0 = Debug|Win32
		{1F406B11-5E41-4EEC-A1C0-A6D81E178A20}.Debug|x64.ActiveCfg = Debug|x64
		{1F406B11-5E41-4EEC-A1C0-A6D81E178A20}.Debug|x64.Build.0 = Debug|x64
		{1F406B11-5E41-4EEC-A1C0-A6D81E178A20}.Release|Win32.ActiveCfg = Release|Win32
		{1F406B11-5E41-4EEC-A1C0-A6D81E178A20}.Release|Win32.Build.0 = Release|Win32
		{1F406B11-5E41-4EEC-A1C0-A6D81E178A20}.Release|x64.ActiveCfg = Release|x64
		{1F406B11-5E41-4EEC-A1C0-A6D81E178A20}.Release|x64.Build.0 = Release|x64
		{3289EEAE-2010-4B4D-BA6A-C733D795084D}.Debug|Win32.ActiveCfg = Debug|Win32
		{3289EEAE-2010-4B4D-BA6A-C733D795084D}.Debug|Win32.Build.0 = Debug|Win32
		{3289EEAE-2010-4B4D-BA6A-C733D795084D}.Debug|x64.ActiveCfg = Debug|x64
		{3289EEAE-2010-4B4D-BA6A-C733D795084D}.Debug|x64.Build.0 = Debug|x64
		{3289EEAE-2010-4B4D-BA6A-C733D795084D}.Release|Win32.ActiveCfg = Release|Win32
		{3289EEAE-2010-4B4D-BA6A-C733D795084D}.Release|Win32.Build.0 = Release|Win32
		{3289EEAE-2010-4B4D-BA6A-C733D795084D}.Release|x64.ActiveCfg = Release|x64
		{3289EEAE-2010-4B4D-BA6A-C733D795084D}.Release|x64.Build.0 = Release|x64
		{B4E0AAAB-E7BC-4738-9393-93A126CE549D}.Debug|Win32.ActiveCfg = Debug|Win32
		{B4E0AAAB-E7BC-4738-9393-93A126CE549D}.Debug|Win32.Build.0 = Debug|Win32
		{B4E0AAAB-E7BC-4738-9393-93A126CE549D}.Debug|x64.ActiveCfg = Debug|x64
		{B4E0AAAB-E7BC-4738-9393-93A126CE549D}.Debug|x64.Build.0 = Debug|x64
		{B4E0AAAB-E7BC-4738-9393-93A126CE549D}.Release|Win32.ActiveCfg = Release|Win32
		{B4E0AAAB-E7BC-4738-9393-93A126CE549D}.Release|Win32.Build.0 = Release|Win32
		{B4E0AAAB-E7BC-4738-9393-93A126CE549D}.Release|x64.ActiveCfg = Release|x64
		{B4E0AAAB-E7BC-4738-9393-93A126CE549D}.Release|x64.Build.0 = Release|x64
	EndGlobalSection
	GlobalSection(SolutionProperties) = preSolution
		HideSolutionNode = FALSE
	EndGlobalSection
EndGlobal
