<?xml version="1.0" encoding="utf-8"?>
<Project ToolsVersion="4.0" xmlns="http://schemas.microsoft.com/developer/msbuild/2003">
  <ItemGroup>
    <Filter Include="Source Files">
      <UniqueIdentifier>{4FC737F1-C7A5-4376-A066-2A32D752A2FF}</UniqueIdentifier>
      <Extensions>cpp;c;cc;cxx;def;odl;idl;hpj;bat;asm;asmx</Extensions>
    </Filter>
    <Filter Include="Header Files">
      <UniqueIdentifier>{93995380-89BD-4b04-88EB-625FBE52EBFB}</UniqueIdentifier>
      <Extensions>h;hpp;hxx;hm;inl;inc;xsd</Extensions>
    </Filter>
    <Filter Include="Resource Files">
      <UniqueIdentifier>{67DA6AB6-F800-4c08-8B7A-83BB121AAD01}</UniqueIdentifier>
      <Extensions>rc;ico;cur;bmp;dlg;rc2;rct;bin;rgs;gif;jpg;jpeg;jpe;resx;tiff;tif;png;wav;mfcribbon-ms</Extensions>
    </Filter>
  </ItemGroup>
  <ItemGroup>
    <ClCompile Include="..\jni\compactdict.cpp">
      <Filter>Source Files</Filter>
    </ClCompile>
    <ClCompile Include="..\jni\compactstore.cpp">
      <Filter>Source Files</Filter>
    </ClCompile>
    <ClCompile Include="..\jni\compatibility.cpp">
      <Filter>Source Files</Filter>
    </ClCompile>
    <ClCompile Include="..\jni\dictadvance.cpp">
      <Filter>Source Files</Filter>
    </ClCompile>
    <ClCompile Include="..\jni\dictconfig.cpp">
      <Filter>Source Files</Filter>
    </ClCompile>
    <ClCompile Include="..\jni\dictionary.cpp">
      <Filter>Source Files</Filter>
    </ClCompile>
    <ClCompile Include="..\jni\dictmanager.cpp">
      <Filter>Source Files</Filter>
    </ClCompile>
    <ClCompile Include="..\jni\dictnext.cpp">
      <Filter>Source Files</Filter>
    </ClCompile>
    <ClCompile Include="..\jni\dictPhrase.cpp">
      <Filter>Source Files</Filter>
    </ClCompile>
    <ClCompile Include="..\jni\nGramHistory.cpp">
      <Filter>Source Files</Filter>
    </ClCompile>
    <ClCompile Include="..\jni\nGramLearning.cpp">
      <Filter>Source Files</Filter>
    </ClCompile>
    <ClCompile Include="..\jni\parsedLine.cpp">
      <Filter>Source Files</Filter>
    </ClCompile>
    <ClCompile Include="..\jni\phraseEngine.cpp">
      <Filter>Source Files</Filter>
    </ClCompile>
    <ClCompile Include="..\jni\searchResults.cpp">
      <Filter>Source Files</Filter>
    </ClCompile>
    <ClCompile Include="..\jni\testdictmanager.cpp">
      <Filter>Source Files</Filter>
    </ClCompile>
    <ClCompile Include="..\jni\T-Graph.cpp">
      <Filter>Source Files</Filter>
    </ClCompile>
    <ClCompile Include="..\jni\userWordCache.cpp">
      <Filter>Source Files</Filter>
    </ClCompile>
    <ClCompile Include="..\jni\UserWordCacheOffline.cpp">
      <Filter>Source Files</Filter>
    </ClCompile>
    <ClCompile Include="..\jni\utility.cpp">
      <Filter>Source Files</Filter>
    </ClCompile>
    <ClCompile Include="..\jni\wordlist.cpp">
      <Filter>Source Files</Filter>
    </ClCompile>
    <ClCompile Include="..\jni\wordpath.cpp">
      <Filter>Source Files</Filter>
    </ClCompile>
    <ClCompile Include="..\jni\wordpathext.cpp">
      <Filter>Source Files</Filter>
    </ClCompile>
    <ClCompile Include="..\jni\wordpunct.cpp">
      <Filter>Source Files</Filter>
    </ClCompile>
    <ClCompile Include="..\jni\predinterface.cpp">
      <Filter>Source Files</Filter>
    </ClCompile>
  </ItemGroup>
  <ItemGroup>
    <ClInclude Include="..\jni\compactdict.h">
      <Filter>Header Files</Filter>
    </ClInclude>
    <ClInclude Include="..\jni\compactstore.h">
      <Filter>Header Files</Filter>
    </ClInclude>
    <ClInclude Include="..\jni\compatibility.h">
      <Filter>Header Files</Filter>
    </ClInclude>
    <ClInclude Include="..\jni\dictionary.h">
      <Filter>Header Files</Filter>
    </ClInclude>
    <ClInclude Include="..\jni\dictmanager.h">
      <Filter>Header Files</Filter>
    </ClInclude>
    <ClInclude Include="..\jni\dictPhrase.h">
      <Filter>Header Files</Filter>
    </ClInclude>
    <ClInclude Include="..\jni\dictrun.h">
      <Filter>Header Files</Filter>
    </ClInclude>
    <ClInclude Include="..\jni\direntw.h">
      <Filter>Header Files</Filter>
    </ClInclude>
    <ClInclude Include="..\jni\nGramHistory.h">
      <Filter>Header Files</Filter>
    </ClInclude>
    <ClInclude Include="..\jni\nGramLearning.h">
      <Filter>Header Files</Filter>
    </ClInclude>
    <ClInclude Include="..\jni\parsedline.h">
      <Filter>Header Files</Filter>
    </ClInclude>
    <ClInclude Include="..\jni\phraseEngine.h">
      <Filter>Header Files</Filter>
    </ClInclude>
    <ClInclude Include="..\jni\searchResults.h">
      <Filter>Header Files</Filter>
    </ClInclude>
    <ClInclude Include="..\jni\StdAfx.h">
      <Filter>Header Files</Filter>
    </ClInclude>
    <ClInclude Include="..\jni\testdictmanager.h">
      <Filter>Header Files</Filter>
    </ClInclude>
    <ClInclude Include="..\jni\T-Graph.h">
      <Filter>Header Files</Filter>
    </ClInclude>
    <ClInclude Include="..\jni\userWordCache.h">
      <Filter>Header Files</Filter>
    </ClInclude>
    <ClInclude Include="..\jni\UserWordCacheOffline.h">
      <Filter>Header Files</Filter>
    </ClInclude>
    <ClInclude Include="..\jni\utility.h">
      <Filter>Header Files</Filter>
    </ClInclude>
    <ClInclude Include="..\jni\wltypes.h">
      <Filter>Header Files</Filter>
    </ClInclude>
    <ClInclude Include="..\jni\wordlist.h">
      <Filter>Header Files</Filter>
    </ClInclude>
    <ClInclude Include="..\jni\wordpath.h">
      <Filter>Header Files</Filter>
    </ClInclude>
    <ClInclude Include="..\jni\wordpathext.h">
      <Filter>Header Files</Filter>
    </ClInclude>
    <ClInclude Include="..\jni\wordpunct.h">
      <Filter>Header Files</Filter>
    </ClInclude>
  </ItemGroup>
</Project>